
Microsoft Visual Studio Solution File, Format Version 10.00
# Visual Studio 2008
Project("{2150E333-8FDC-42A3-9474-1A3956D46DE8}") = "Solution Items", "Solution Items", "{4A61D151-FA9D-4FBE-98C1-289B2BA0D8FD}"
	ProjectSection(SolutionItems) = preProject
		server\app.js = server\app.js
		game.js = game.js
		sample.js = sample.js
		server\server.js = server\server.js
	EndProjectSection
EndProject
Project("{2150E333-8FDC-42A3-9474-1A3956D46DE8}") = "html", "html", "{C4FE6E15-9B1A-4DA6-B98A-386BF7E4B7C7}"
	ProjectSection(SolutionItems) = preProject
		index.html = index.html
		index2.html = index2.html
	EndProjectSection
EndProject
Global
	GlobalSection(SolutionProperties) = preSolution
		HideSolutionNode = FALSE
	EndGlobalSection
EndGlobal
